// !$*UTF8*$!
{
	archiveVersion = 1;
	classes = {
	};
	objectVersion = 50;
	objects = {

/* Begin PBXBuildFile section */
		3A288B7D229C604F00AE99A1 /* Extentions.swift in Sources */ = {isa = PBXBuildFile; fileRef = 3A288B7C229C604F00AE99A1 /* Extentions.swift */; };
		3A2E7A602297A62B00987870 /* LaboratoriesModels.scnassets in Resources */ = {isa = PBXBuildFile; fileRef = 3A2E7A5F2297A62B00987870 /* LaboratoriesModels.scnassets */; };
		3A655AA7229514EF00049589 /* RoundedButtonView.swift in Sources */ = {isa = PBXBuildFile; fileRef = 3A655AA6229514EF00049589 /* RoundedButtonView.swift */; };
		3A655AAB229571BC00049589 /* AboutLaboratoryVC.swift in Sources */ = {isa = PBXBuildFile; fileRef = 3A655AAA229571BC00049589 /* AboutLaboratoryVC.swift */; };
		3A6B7E022296E58C009FF3A3 /* Constants.swift in Sources */ = {isa = PBXBuildFile; fileRef = 3A6B7E012296E58C009FF3A3 /* Constants.swift */; };
		3A6B7E07229789BF009FF3A3 /* LookIn3DVC.swift in Sources */ = {isa = PBXBuildFile; fileRef = 3A6B7E06229789BF009FF3A3 /* LookIn3DVC.swift */; };
		3AA00847229442B30003160E /* AppDelegate.swift in Sources */ = {isa = PBXBuildFile; fileRef = 3AA00846229442B30003160E /* AppDelegate.swift */; };
		3AA00849229442B30003160E /* LaboratoryChooseCollectionVC.swift in Sources */ = {isa = PBXBuildFile; fileRef = 3AA00848229442B30003160E /* LaboratoryChooseCollectionVC.swift */; };
		3AA0084C229442B30003160E /* Main.storyboard in Resources */ = {isa = PBXBuildFile; fileRef = 3AA0084A229442B30003160E /* Main.storyboard */; };
		3AA0084E229442B50003160E /* Assets.xcassets in Resources */ = {isa = PBXBuildFile; fileRef = 3AA0084D229442B50003160E /* Assets.xcassets */; };
		3AA00851229442B50003160E /* LaunchScreen.storyboard in Resources */ = {isa = PBXBuildFile; fileRef = 3AA0084F229442B50003160E /* LaunchScreen.storyboard */; };
		3AA0085C2294450A0003160E /* VirtualLaboratoriesCollectionCell.swift in Sources */ = {isa = PBXBuildFile; fileRef = 3AA0085B2294450A0003160E /* VirtualLaboratoriesCollectionCell.swift */; };
		3ADE629C229A7850002747DF /* LaboratoryDescriptionStruct.swift in Sources */ = {isa = PBXBuildFile; fileRef = 3ADE629B229A7850002747DF /* LaboratoryDescriptionStruct.swift */; };
		3ADE629E229A7A0C002747DF /* InstantiateLaboratoriedDescriptionStruct.swift in Sources */ = {isa = PBXBuildFile; fileRef = 3ADE629D229A7A0C002747DF /* InstantiateLaboratoriedDescriptionStruct.swift */; };
		3AEAD2A8229855B200DEC016 /* LookInARVC.swift in Sources */ = {isa = PBXBuildFile; fileRef = 3AEAD2A7229855B200DEC016 /* LookInARVC.swift */; };
		3AF1F8E22295C1EC00FCA0A3 /* WilberforcePendulumBehavior.swift in Sources */ = {isa = PBXBuildFile; fileRef = 3AF1F8E12295C1EC00FCA0A3 /* WilberforcePendulumBehavior.swift */; };
		EF7B7A686EE6E7E0E8326AF4 /* Pods_AR_Laboratory.framework in Frameworks */ = {isa = PBXBuildFile; fileRef = FC0AEC2ACB25478153AD9DA5 /* Pods_AR_Laboratory.framework */; };
/* End PBXBuildFile section */

/* Begin PBXFileReference section */
		2DEC26CB1D831423653033E0 /* Pods-AR Laboratory.debug.xcconfig */ = {isa = PBXFileReference; includeInIndex = 1; lastKnownFileType = text.xcconfig; name = "Pods-AR Laboratory.debug.xcconfig"; path = "Pods/Target Support Files/Pods-AR Laboratory/Pods-AR Laboratory.debug.xcconfig"; sourceTree = "<group>"; };
		3A288B7C229C604F00AE99A1 /* Extentions.swift */ = {isa = PBXFileReference; lastKnownFileType = sourcecode.swift; path = Extentions.swift; sourceTree = "<group>"; };
		3A2E7A5F2297A62B00987870 /* LaboratoriesModels.scnassets */ = {isa = PBXFileReference; lastKnownFileType = wrapper.scnassets; path = LaboratoriesModels.scnassets; sourceTree = "<group>"; };
		3A655AA6229514EF00049589 /* RoundedButtonView.swift */ = {isa = PBXFileReference; lastKnownFileType = sourcecode.swift; path = RoundedButtonView.swift; sourceTree = "<group>"; };
		3A655AAA229571BC00049589 /* AboutLaboratoryVC.swift */ = {isa = PBXFileReference; lastKnownFileType = sourcecode.swift; path = AboutLaboratoryVC.swift; sourceTree = "<group>"; };
		3A6B7E012296E58C009FF3A3 /* Constants.swift */ = {isa = PBXFileReference; lastKnownFileType = sourcecode.swift; path = Constants.swift; sourceTree = "<group>"; };
		3A6B7E06229789BF009FF3A3 /* LookIn3DVC.swift */ = {isa = PBXFileReference; lastKnownFileType = sourcecode.swift; path = LookIn3DVC.swift; sourceTree = "<group>"; };
		3AA00843229442B30003160E /* AR Laboratory.app */ = {isa = PBXFileReference; explicitFileType = wrapper.application; includeInIndex = 0; path = "AR Laboratory.app"; sourceTree = BUILT_PRODUCTS_DIR; };
		3AA00846229442B30003160E /* AppDelegate.swift */ = {isa = PBXFileReference; lastKnownFileType = sourcecode.swift; path = AppDelegate.swift; sourceTree = "<group>"; };
		3AA00848229442B30003160E /* LaboratoryChooseCollectionVC.swift */ = {isa = PBXFileReference; lastKnownFileType = sourcecode.swift; path = LaboratoryChooseCollectionVC.swift; sourceTree = "<group>"; };
		3AA0084B229442B30003160E /* Base */ = {isa = PBXFileReference; lastKnownFileType = file.storyboard; name = Base; path = Base.lproj/Main.storyboard; sourceTree = "<group>"; };
		3AA0084D229442B50003160E /* Assets.xcassets */ = {isa = PBXFileReference; lastKnownFileType = folder.assetcatalog; path = Assets.xcassets; sourceTree = "<group>"; };
		3AA00850229442B50003160E /* Base */ = {isa = PBXFileReference; lastKnownFileType = file.storyboard; name = Base; path = Base.lproj/LaunchScreen.storyboard; sourceTree = "<group>"; };
		3AA00852229442B50003160E /* Info.plist */ = {isa = PBXFileReference; lastKnownFileType = text.plist.xml; path = Info.plist; sourceTree = "<group>"; };
		3AA0085B2294450A0003160E /* VirtualLaboratoriesCollectionCell.swift */ = {isa = PBXFileReference; lastKnownFileType = sourcecode.swift; path = VirtualLaboratoriesCollectionCell.swift; sourceTree = "<group>"; };
		3ADE629B229A7850002747DF /* LaboratoryDescriptionStruct.swift */ = {isa = PBXFileReference; lastKnownFileType = sourcecode.swift; path = LaboratoryDescriptionStruct.swift; sourceTree = "<group>"; };
		3ADE629D229A7A0C002747DF /* InstantiateLaboratoriedDescriptionStruct.swift */ = {isa = PBXFileReference; lastKnownFileType = sourcecode.swift; path = InstantiateLaboratoriedDescriptionStruct.swift; sourceTree = "<group>"; };
		3AEAD2A7229855B200DEC016 /* LookInARVC.swift */ = {isa = PBXFileReference; lastKnownFileType = sourcecode.swift; path = LookInARVC.swift; sourceTree = "<group>"; };
		3AF1F8E12295C1EC00FCA0A3 /* WilberforcePendulumBehavior.swift */ = {isa = PBXFileReference; lastKnownFileType = sourcecode.swift; path = WilberforcePendulumBehavior.swift; sourceTree = "<group>"; };
		3EE23C9714255B69EBDAAA3F /* Pods-AR Laboratory.release.xcconfig */ = {isa = PBXFileReference; includeInIndex = 1; lastKnownFileType = text.xcconfig; name = "Pods-AR Laboratory.release.xcconfig"; path = "Pods/Target Support Files/Pods-AR Laboratory/Pods-AR Laboratory.release.xcconfig"; sourceTree = "<group>"; };
		FC0AEC2ACB25478153AD9DA5 /* Pods_AR_Laboratory.framework */ = {isa = PBXFileReference; explicitFileType = wrapper.framework; includeInIndex = 0; path = Pods_AR_Laboratory.framework; sourceTree = BUILT_PRODUCTS_DIR; };
/* End PBXFileReference section */

/* Begin PBXFrameworksBuildPhase section */
		3AA00840229442B30003160E /* Frameworks */ = {
			isa = PBXFrameworksBuildPhase;
			buildActionMask = 2147483647;
			files = (
				EF7B7A686EE6E7E0E8326AF4 /* Pods_AR_Laboratory.framework in Frameworks */,
			);
			runOnlyForDeploymentPostprocessing = 0;
		};
/* End PBXFrameworksBuildPhase section */

/* Begin PBXGroup section */
		3A288B7B229C603C00AE99A1 /* Helpers */ = {
			isa = PBXGroup;
			children = (
				3A288B7C229C604F00AE99A1 /* Extentions.swift */,
			);
			path = Helpers;
			sourceTree = "<group>";
		};
		3A6B7E032296E905009FF3A3 /* Laboratories */ = {
			isa = PBXGroup;
			children = (
				3AF1F8E12295C1EC00FCA0A3 /* WilberforcePendulumBehavior.swift */,
				3ADE629B229A7850002747DF /* LaboratoryDescriptionStruct.swift */,
			);
			path = Laboratories;
			sourceTree = "<group>";
		};
		3AA0083A229442B30003160E = {
			isa = PBXGroup;
			children = (
				3AA00845229442B30003160E /* AR Laboratory */,
				3AA00844229442B30003160E /* Products */,
				603306222C65807CFD797B4B /* Pods */,
				8B7DFF621D410663A30EF760 /* Frameworks */,
			);
			sourceTree = "<group>";
		};
		3AA00844229442B30003160E /* Products */ = {
			isa = PBXGroup;
			children = (
				3AA00843229442B30003160E /* AR Laboratory.app */,
			);
			name = Products;
			sourceTree = "<group>";
		};
		3AA00845229442B30003160E /* AR Laboratory */ = {
			isa = PBXGroup;
			children = (
				3A288B7B229C603C00AE99A1 /* Helpers */,
				3A6B7E032296E905009FF3A3 /* Laboratories */,
				3AA0085A2294434B0003160E /* Controller */,
				3AA00859229443460003160E /* View */,
				3AA00858229442CA0003160E /* Model */,
				3AA00846229442B30003160E /* AppDelegate.swift */,
				3AA0084A229442B30003160E /* Main.storyboard */,
				3AA0084D229442B50003160E /* Assets.xcassets */,
				3AA0084F229442B50003160E /* LaunchScreen.storyboard */,
				3AA00852229442B50003160E /* Info.plist */,
				3A6B7E012296E58C009FF3A3 /* Constants.swift */,
				3A2E7A5F2297A62B00987870 /* LaboratoriesModels.scnassets */,
			);
			path = "AR Laboratory";
			sourceTree = "<group>";
		};
		3AA00858229442CA0003160E /* Model */ = {
			isa = PBXGroup;
			children = (
				3ADE629D229A7A0C002747DF /* InstantiateLaboratoriedDescriptionStruct.swift */,
			);
			path = Model;
			sourceTree = "<group>";
		};
		3AA00859229443460003160E /* View */ = {
			isa = PBXGroup;
			children = (
				3AA0085B2294450A0003160E /* VirtualLaboratoriesCollectionCell.swift */,
				3A655AA6229514EF00049589 /* RoundedButtonView.swift */,
			);
			path = View;
			sourceTree = "<group>";
		};
		3AA0085A2294434B0003160E /* Controller */ = {
			isa = PBXGroup;
			children = (
				3AA00848229442B30003160E /* LaboratoryChooseCollectionVC.swift */,
				3A655AAA229571BC00049589 /* AboutLaboratoryVC.swift */,
				3A6B7E06229789BF009FF3A3 /* LookIn3DVC.swift */,
				3AEAD2A7229855B200DEC016 /* LookInARVC.swift */,
			);
			path = Controller;
			sourceTree = "<group>";
		};
		603306222C65807CFD797B4B /* Pods */ = {
			isa = PBXGroup;
			children = (
				2DEC26CB1D831423653033E0 /* Pods-AR Laboratory.debug.xcconfig */,
				3EE23C9714255B69EBDAAA3F /* Pods-AR Laboratory.release.xcconfig */,
			);
			name = Pods;
			sourceTree = "<group>";
		};
		8B7DFF621D410663A30EF760 /* Frameworks */ = {
			isa = PBXGroup;
			children = (
				FC0AEC2ACB25478153AD9DA5 /* Pods_AR_Laboratory.framework */,
			);
			name = Frameworks;
			sourceTree = "<group>";
		};
/* End PBXGroup section */

/* Begin PBXNativeTarget section */
		3AA00842229442B30003160E /* AR Laboratory */ = {
			isa = PBXNativeTarget;
			buildConfigurationList = 3AA00855229442B50003160E /* Build configuration list for PBXNativeTarget "AR Laboratory" */;
			buildPhases = (
				41718DA370FB26BA4E5C2AD7 /* [CP] Check Pods Manifest.lock */,
				3AA0083F229442B30003160E /* Sources */,
				3AA00840229442B30003160E /* Frameworks */,
				3AA00841229442B30003160E /* Resources */,
				8E8322F883CA97CE41645E42 /* [CP] Embed Pods Frameworks */,
			);
			buildRules = (
			);
			dependencies = (
			);
			name = "AR Laboratory";
			productName = "AR Laboratory";
			productReference = 3AA00843229442B30003160E /* AR Laboratory.app */;
			productType = "com.apple.product-type.application";
		};
/* End PBXNativeTarget section */

/* Begin PBXProject section */
		3AA0083B229442B30003160E /* Project object */ = {
			isa = PBXProject;
			attributes = {
				LastSwiftUpdateCheck = 1020;
				LastUpgradeCheck = 1020;
				ORGANIZATIONNAME = "Anton Kovalenko";
				TargetAttributes = {
					3AA00842229442B30003160E = {
						CreatedOnToolsVersion = 10.2;
					};
				};
			};
			buildConfigurationList = 3AA0083E229442B30003160E /* Build configuration list for PBXProject "AR Laboratory" */;
			compatibilityVersion = "Xcode 9.3";
			developmentRegion = en;
			hasScannedForEncodings = 0;
			knownRegions = (
				en,
				Base,
			);
			mainGroup = 3AA0083A229442B30003160E;
			productRefGroup = 3AA00844229442B30003160E /* Products */;
			projectDirPath = "";
			projectRoot = "";
			targets = (
				3AA00842229442B30003160E /* AR Laboratory */,
			);
		};
/* End PBXProject section */

/* Begin PBXResourcesBuildPhase section */
		3AA00841229442B30003160E /* Resources */ = {
			isa = PBXResourcesBuildPhase;
			buildActionMask = 2147483647;
			files = (
				3AA00851229442B50003160E /* LaunchScreen.storyboard in Resources */,
				3AA0084E229442B50003160E /* Assets.xcassets in Resources */,
				3AA0084C229442B30003160E /* Main.storyboard in Resources */,
				3A2E7A602297A62B00987870 /* LaboratoriesModels.scnassets in Resources */,
			);
			runOnlyForDeploymentPostprocessing = 0;
		};
/* End PBXResourcesBuildPhase section */

/* Begin PBXShellScriptBuildPhase section */
		41718DA370FB26BA4E5C2AD7 /* [CP] Check Pods Manifest.lock */ = {
			isa = PBXShellScriptBuildPhase;
			buildActionMask = 2147483647;
			files = (
			);
			inputPaths = (
				"${PODS_PODFILE_DIR_PATH}/Podfile.lock",
				"${PODS_ROOT}/Manifest.lock",
			);
			name = "[CP] Check Pods Manifest.lock";
			outputPaths = (
				"$(DERIVED_FILE_DIR)/Pods-AR Laboratory-checkManifestLockResult.txt",
			);
			runOnlyForDeploymentPostprocessing = 0;
			shellPath = /bin/sh;
			shellScript = "diff \"${PODS_PODFILE_DIR_PATH}/Podfile.lock\" \"${PODS_ROOT}/Manifest.lock\" > /dev/null\nif [ $? != 0 ] ; then\n    # print error to STDERR\n    echo \"error: The sandbox is not in sync with the Podfile.lock. Run 'pod install' or update your CocoaPods installation.\" >&2\n    exit 1\nfi\n# This output is used by Xcode 'outputs' to avoid re-running this script phase.\necho \"SUCCESS\" > \"${SCRIPT_OUTPUT_FILE_0}\"\n";
			showEnvVarsInLog = 0;
		};
		8E8322F883CA97CE41645E42 /* [CP] Embed Pods Frameworks */ = {
			isa = PBXShellScriptBuildPhase;
			buildActionMask = 2147483647;
			files = (
			);
			inputPaths = (
				"${SRCROOT}/Pods/Target Support Files/Pods-AR Laboratory/Pods-AR Laboratory-frameworks.sh",
				"${BUILT_PRODUCTS_DIR}/Charts/Charts.framework",
			);
			name = "[CP] Embed Pods Frameworks";
			outputPaths = (
				"${TARGET_BUILD_DIR}/${FRAMEWORKS_FOLDER_PATH}/Charts.framework",
			);
			runOnlyForDeploymentPostprocessing = 0;
			shellPath = /bin/sh;
			shellScript = "\"${SRCROOT}/Pods/Target Support Files/Pods-AR Laboratory/Pods-AR Laboratory-frameworks.sh\"\n";
			showEnvVarsInLog = 0;
		};
/* End PBXShellScriptBuildPhase section */

/* Begin PBXSourcesBuildPhase section */
		3AA0083F229442B30003160E /* Sources */ = {
			isa = PBXSourcesBuildPhase;
			buildActionMask = 2147483647;
			files = (
				3ADE629C229A7850002747DF /* LaboratoryDescriptionStruct.swift in Sources */,
				3AA00849229442B30003160E /* LaboratoryChooseCollectionVC.swift in Sources */,
				3AF1F8E22295C1EC00FCA0A3 /* WilberforcePendulumBehavior.swift in Sources */,
				3AA0085C2294450A0003160E /* VirtualLaboratoriesCollectionCell.swift in Sources */,
				3A655AAB229571BC00049589 /* AboutLaboratoryVC.swift in Sources */,
				3ADE629E229A7A0C002747DF /* InstantiateLaboratoriedDescriptionStruct.swift in Sources */,
				3A6B7E07229789BF009FF3A3 /* LookIn3DVC.swift in Sources */,
				3A6B7E022296E58C009FF3A3 /* Constants.swift in Sources */,
				3A288B7D229C604F00AE99A1 /* Extentions.swift in Sources */,
				3A655AA7229514EF00049589 /* RoundedButtonView.swift in Sources */,
				3AA00847229442B30003160E /* AppDelegate.swift in Sources */,
				3AEAD2A8229855B200DEC016 /* LookInARVC.swift in Sources */,
			);
			runOnlyForDeploymentPostprocessing = 0;
		};
/* End PBXSourcesBuildPhase section */

/* Begin PBXVariantGroup section */
		3AA0084A229442B30003160E /* Main.storyboard */ = {
			isa = PBXVariantGroup;
			children = (
				3AA0084B229442B30003160E /* Base */,
			);
			name = Main.storyboard;
			sourceTree = "<group>";
		};
		3AA0084F229442B50003160E /* LaunchScreen.storyboard */ = {
			isa = PBXVariantGroup;
			children = (
				3AA00850229442B50003160E /* Base */,
			);
			name = LaunchScreen.storyboard;
			sourceTree = "<group>";
		};
/* End PBXVariantGroup section */

/* Begin XCBuildConfiguration section */
		3AA00853229442B50003160E /* Debug */ = {
			isa = XCBuildConfiguration;
			buildSettings = {
				ALWAYS_SEARCH_USER_PATHS = NO;
				CLANG_ANALYZER_NONNULL = YES;
				CLANG_ANALYZER_NUMBER_OBJECT_CONVERSION = YES_AGGRESSIVE;
				CLANG_CXX_LANGUAGE_STANDARD = "gnu++14";
				CLANG_CXX_LIBRARY = "libc++";
				CLANG_ENABLE_MODULES = YES;
				CLANG_ENABLE_OBJC_ARC = YES;
				CLANG_ENABLE_OBJC_WEAK = YES;
				CLANG_WARN_BLOCK_CAPTURE_AUTORELEASING = YES;
				CLANG_WARN_BOOL_CONVERSION = YES;
				CLANG_WARN_COMMA = YES;
				CLANG_WARN_CONSTANT_CONVERSION = YES;
				CLANG_WARN_DEPRECATED_OBJC_IMPLEMENTATIONS = YES;
				CLANG_WARN_DIRECT_OBJC_ISA_USAGE = YES_ERROR;
				CLANG_WARN_DOCUMENTATION_COMMENTS = YES;
				CLANG_WARN_EMPTY_BODY = YES;
				CLANG_WARN_ENUM_CONVERSION = YES;
				CLANG_WARN_INFINITE_RECURSION = YES;
				CLANG_WARN_INT_CONVERSION = YES;
				CLANG_WARN_NON_LITERAL_NULL_CONVERSION = YES;
				CLANG_WARN_OBJC_IMPLICIT_RETAIN_SELF = YES;
				CLANG_WARN_OBJC_LITERAL_CONVERSION = YES;
				CLANG_WARN_OBJC_ROOT_CLASS = YES_ERROR;
				CLANG_WARN_RANGE_LOOP_ANALYSIS = YES;
				CLANG_WARN_STRICT_PROTOTYPES = YES;
				CLANG_WARN_SUSPICIOUS_MOVE = YES;
				CLANG_WARN_UNGUARDED_AVAILABILITY = YES_AGGRESSIVE;
				CLANG_WARN_UNREACHABLE_CODE = YES;
				CLANG_WARN__DUPLICATE_METHOD_MATCH = YES;
				CODE_SIGN_IDENTITY = "iPhone Developer";
				COPY_PHASE_STRIP = NO;
				DEBUG_INFORMATION_FORMAT = dwarf;
				ENABLE_STRICT_OBJC_MSGSEND = YES;
				ENABLE_TESTABILITY = YES;
				GCC_C_LANGUAGE_STANDARD = gnu11;
				GCC_DYNAMIC_NO_PIC = NO;
				GCC_NO_COMMON_BLOCKS = YES;
				GCC_OPTIMIZATION_LEVEL = 0;
				GCC_PREPROCESSOR_DEFINITIONS = (
					"DEBUG=1",
					"$(inherited)",
				);
				GCC_WARN_64_TO_32_BIT_CONVERSION = YES;
				GCC_WARN_ABOUT_RETURN_TYPE = YES_ERROR;
				GCC_WARN_UNDECLARED_SELECTOR = YES;
				GCC_WARN_UNINITIALIZED_AUTOS = YES_AGGRESSIVE;
				GCC_WARN_UNUSED_FUNCTION = YES;
				GCC_WARN_UNUSED_VARIABLE = YES;
				IPHONEOS_DEPLOYMENT_TARGET = 12.2;
				MTL_ENABLE_DEBUG_INFO = INCLUDE_SOURCE;
				MTL_FAST_MATH = YES;
				ONLY_ACTIVE_ARCH = YES;
				SDKROOT = iphoneos;
				SWIFT_ACTIVE_COMPILATION_CONDITIONS = DEBUG;
				SWIFT_OPTIMIZATION_LEVEL = "-Onone";
			};
			name = Debug;
		};
		3AA00854229442B50003160E /* Release */ = {
			isa = XCBuildConfiguration;
			buildSettings = {
				ALWAYS_SEARCH_USER_PATHS = NO;
				CLANG_ANALYZER_NONNULL = YES;
				CLANG_ANALYZER_NUMBER_OBJECT_CONVERSION = YES_AGGRESSIVE;
				CLANG_CXX_LANGUAGE_STANDARD = "gnu++14";
				CLANG_CXX_LIBRARY = "libc++";
				CLANG_ENABLE_MODULES = YES;
				CLANG_ENABLE_OBJC_ARC = YES;
				CLANG_ENABLE_OBJC_WEAK = YES;
				CLANG_WARN_BLOCK_CAPTURE_AUTORELEASING = YES;
				CLANG_WARN_BOOL_CONVERSION = YES;
				CLANG_WARN_COMMA = YES;
				CLANG_WARN_CONSTANT_CONVERSION = YES;
				CLANG_WARN_DEPRECATED_OBJC_IMPLEMENTATIONS = YES;
				CLANG_WARN_DIRECT_OBJC_ISA_USAGE = YES_ERROR;
				CLANG_WARN_DOCUMENTATION_COMMENTS = YES;
				CLANG_WARN_EMPTY_BODY = YES;
				CLANG_WARN_ENUM_CONVERSION = YES;
				CLANG_WARN_INFINITE_RECURSION = YES;
				CLANG_WARN_INT_CONVERSION = YES;
				CLANG_WARN_NON_LITERAL_NULL_CONVERSION = YES;
				CLANG_WARN_OBJC_IMPLICIT_RETAIN_SELF = YES;
				CLANG_WARN_OBJC_LITERAL_CONVERSION = YES;
				CLANG_WARN_OBJC_ROOT_CLASS = YES_ERROR;
				CLANG_WARN_RANGE_LOOP_ANALYSIS = YES;
				CLANG_WARN_STRICT_PROTOTYPES = YES;
				CLANG_WARN_SUSPICIOUS_MOVE = YES;
				CLANG_WARN_UNGUARDED_AVAILABILITY = YES_AGGRESSIVE;
				CLANG_WARN_UNREACHABLE_CODE = YES;
				CLANG_WARN__DUPLICATE_METHOD_MATCH = YES;
				CODE_SIGN_IDENTITY = "iPhone Developer";
				COPY_PHASE_STRIP = NO;
				DEBUG_INFORMATION_FORMAT = "dwarf-with-dsym";
				ENABLE_NS_ASSERTIONS = NO;
				ENABLE_STRICT_OBJC_MSGSEND = YES;
				GCC_C_LANGUAGE_STANDARD = gnu11;
				GCC_NO_COMMON_BLOCKS = YES;
				GCC_WARN_64_TO_32_BIT_CONVERSION = YES;
				GCC_WARN_ABOUT_RETURN_TYPE = YES_ERROR;
				GCC_WARN_UNDECLARED_SELECTOR = YES;
				GCC_WARN_UNINITIALIZED_AUTOS = YES_AGGRESSIVE;
				GCC_WARN_UNUSED_FUNCTION = YES;
				GCC_WARN_UNUSED_VARIABLE = YES;
				IPHONEOS_DEPLOYMENT_TARGET = 12.2;
				MTL_ENABLE_DEBUG_INFO = NO;
				MTL_FAST_MATH = YES;
				SDKROOT = iphoneos;
				SWIFT_COMPILATION_MODE = wholemodule;
				SWIFT_OPTIMIZATION_LEVEL = "-O";
				VALIDATE_PRODUCT = YES;
			};
			name = Release;
		};
		3AA00856229442B50003160E /* Debug */ = {
			isa = XCBuildConfiguration;
			baseConfigurationReference = 2DEC26CB1D831423653033E0 /* Pods-AR Laboratory.debug.xcconfig */;
			buildSettings = {
				ASSETCATALOG_COMPILER_APPICON_NAME = AppIcon;
				CODE_SIGN_STYLE = Automatic;
				DEVELOPMENT_TEAM = PYWK64Y747;
				INFOPLIST_FILE = "AR Laboratory/Info.plist";
				IPHONEOS_DEPLOYMENT_TARGET = 12.1;
				LD_RUNPATH_SEARCH_PATHS = (
					"$(inherited)",
					"@executable_path/Frameworks",
				);
				PRODUCT_BUNDLE_IDENTIFIER = "team1.AR-Laboratory";
				PRODUCT_NAME = "$(TARGET_NAME)";
				SWIFT_VERSION = 5.0;
				TARGETED_DEVICE_FAMILY = "1,2";
			};
			name = Debug;
		};
		3AA00857229442B50003160E /* Release */ = {
			isa = XCBuildConfiguration;
			baseConfigurationReference = 3EE23C9714255B69EBDAAA3F /* Pods-AR Laboratory.release.xcconfig */;
			buildSettings = {
				ASSETCATALOG_COMPILER_APPICON_NAME = AppIcon;
				CODE_SIGN_STYLE = Automatic;
				DEVELOPMENT_TEAM = PYWK64Y747;
				INFOPLIST_FILE = "AR Laboratory/Info.plist";
				IPHONEOS_DEPLOYMENT_TARGET = 12.1;
				LD_RUNPATH_SEARCH_PATHS = (
					"$(inherited)",
					"@executable_path/Frameworks",
				);
				PRODUCT_BUNDLE_IDENTIFIER = "team1.AR-Laboratory";
				PRODUCT_NAME = "$(TARGET_NAME)";
				SWIFT_VERSION = 5.0;
				TARGETED_DEVICE_FAMILY = "1,2";
			};
			name = Release;
		};
/* End XCBuildConfiguration section */

/* Begin XCConfigurationList section */
		3AA0083E229442B30003160E /* Build configuration list for PBXProject "AR Laboratory" */ = {
			isa = XCConfigurationList;
			buildConfigurations = (
				3AA00853229442B50003160E /* Debug */,
				3AA00854229442B50003160E /* Release */,
			);
			defaultConfigurationIsVisible = 0;
			defaultConfigurationName = Release;
		};
		3AA00855229442B50003160E /* Build configuration list for PBXNativeTarget "AR Laboratory" */ = {
			isa = XCConfigurationList;
			buildConfigurations = (
				3AA00856229442B50003160E /* Debug */,
				3AA00857229442B50003160E /* Release */,
			);
			defaultConfigurationIsVisible = 0;
			defaultConfigurationName = Release;
		};
/* End XCConfigurationList section */
	};
	rootObject = 3AA0083B229442B30003160E /* Project object */;
}
